
Microsoft Visual Studio Solution File, Format Version 12.00
# Visual Studio Version 16
VisualStudioVersion = 16.0.30717.126
MinimumVisualStudioVersion = 10.0.40219.1
Project("{9A19103F-16F7-4668-BE54-9A1E7A4F7556}") = "ApiVisitorManager", "ApiVisitorManager\ApiVisitorManager.csproj", "{3D4FA52E-573D-4FC0-8E0E-54D148D5474E}"
EndProject
Project("{9A19103F-16F7-4668-BE54-9A1E7A4F7556}") = "VisitorManager.Core", "VisitorManager.Core\VisitorManager.Core.csproj", "{D6AD939C-6725-48CC-BB29-053F35B47B30}"
EndProject
Project("{9A19103F-16F7-4668-BE54-9A1E7A4F7556}") = "VisitorManager.Infrastructure", "VisitorManager.Infrastructure\VisitorManager.Infrastructure.csproj", "{7FA6774E-9242-4289-ADD3-E756BCDF5942}"
EndProject
Project("{9A19103F-16F7-4668-BE54-9A1E7A4F7556}") = "VisitorManager.Persistence.Migrations", "VisitorManager.Persistence.Migrations\VisitorManager.Persistence.Migrations.csproj", "{A2FB7304-4687-45A8-B219-7FB02259A20D}"
EndProject
Global
	GlobalSection(SolutionConfigurationPlatforms) = preSolution
		Debug|Any CPU = Debug|Any CPU
		Release|Any CPU = Release|Any CPU
	EndGlobalSection
	GlobalSection(ProjectConfigurationPlatforms) = postSolution
		{3D4FA52E-573D-4FC0-8E0E-54D148D5474E}.Debug|Any CPU.ActiveCfg = Debug|Any CPU
		{3D4FA52E-573D-4FC0-8E0E-54D148D5474E}.Debug|Any CPU.Build.0 = Debug|Any CPU
		{3D4FA52E-573D-4FC0-8E0E-54D148D5474E}.Release|Any CPU.ActiveCfg = Release|Any CPU
		{3D4FA52E-573D-4FC0-8E0E-54D148D5474E}.Release|Any CPU.Build.0 = Release|Any CPU
		{D6AD939C-6725-48CC-BB29-053F35B47B30}.Debug|Any CPU.ActiveCfg = Debug|Any CPU
		{D6AD939C-6725-48CC-BB29-053F35B47B30}.Debug|Any CPU.Build.0 = Debug|Any CPU
		{D6AD939C-6725-48CC-BB29-053F35B47B30}.Release|Any CPU.ActiveCfg = Release|Any CPU
		{D6AD939C-6725-48CC-BB29-053F35B47B30}.Release|Any CPU.Build.0 = Release|Any CPU
		{7FA6774E-9242-4289-ADD3-E756BCDF5942}.Debug|Any CPU.ActiveCfg = Debug|Any CPU
		{7FA6774E-9242-4289-ADD3-E756BCDF5942}.Debug|Any CPU.Build.0 = Debug|Any CPU
		{7FA6774E-9242-4289-ADD3-E756BCDF5942}.Release|Any CPU.ActiveCfg = Release|Any CPU
		{7FA6774E-9242-4289-ADD3-E756BCDF5942}.Release|Any CPU.Build.0 = Release|Any CPU
		{A2FB7304-4687-45A8-B219-7FB02259A20D}.Debug|Any CPU.ActiveCfg = Debug|Any CPU
		{A2FB7304-4687-45A8-B219-7FB02259A20D}.Debug|Any CPU.Build.0 = Debug|Any CPU
		{A2FB7304-4687-45A8-B219-7FB02259A20D}.Release|Any CPU.ActiveCfg = Release|Any CPU
		{A2FB7304-4687-45A8-B219-7FB02259A20D}.Release|Any CPU.Build.0 = Release|Any CPU
	EndGlobalSection
	GlobalSection(SolutionProperties) = preSolution
		HideSolutionNode = FALSE
	EndGlobalSection
	GlobalSection(ExtensibilityGlobals) = postSolution
		SolutionGuid = {63E20ACB-E914-4C49-B627-15A4CBBF7975}
	EndGlobalSection
EndGlobal
